// !$*UTF8*$!
{
	archiveVersion = 1;
	classes = {
	};
	objectVersion = 46;
	objects = {

/* Begin PBXBuildFile section */
		FB8EAAEF1B6DE6BB008E786B /* main.m in Sources */ = {isa = PBXBuildFile; fileRef = FB8EAAEE1B6DE6BB008E786B /* main.m */; };
/* End PBXBuildFile section */

/* Begin PBXCopyFilesBuildPhase section */
		FB8EAAE91B6DE6BB008E786B /* CopyFiles */ = {
			isa = PBXCopyFilesBuildPhase;
			buildActionMask = 2147483647;
			dstPath = /usr/share/man/man1/;
			dstSubfolderSpec = 0;
			files = (
			);
			runOnlyForDeploymentPostprocessing = 1;
		};
/* End PBXCopyFilesBuildPhase section */

/* Begin PBXFileReference section */
		FB8EAAEB1B6DE6BB008E786B /* 第一个c语言程序.c */ = {isa = PBXFileReference; explicitFileType = "compiled.mach-o.executable"; includeInIndex = 0; path = "第一个c语言程序.c"; sourceTree = BUILT_PRODUCTS_DIR; };
		FB8EAAEE1B6DE6BB008E786B /* main.m */ = {isa = PBXFileReference; lastKnownFileType = sourcecode.c.objc; path = main.m; sourceTree = "<group>"; };
/* End PBXFileReference section */

/* Begin PBXFrameworksBuildPhase section */
		FB8EAAE81B6DE6BB008E786B /* Frameworks */ = {
			isa = PBXFrameworksBuildPhase;
			buildActionMask = 2147483647;
			files = (
			);
			runOnlyForDeploymentPostprocessing = 0;
		};
/* End PBXFrameworksBuildPhase section */

/* Begin PBXGroup section */
		FB8EAAE21B6DE6BB008E786B = {
			isa = PBXGroup;
			children = (
				FB8EAAED1B6DE6BB008E786B /* 第一个c语言程序.c */,
				FB8EAAEC1B6DE6BB008E786B /* Products */,
			);
			sourceTree = "<group>";
		};
		FB8EAAEC1B6DE6BB008E786B /* Products */ = {
			isa = PBXGroup;
			children = (
				FB8EAAEB1B6DE6BB008E786B /* 第一个c语言程序.c */,
			);
			name = Products;
			sourceTree = "<group>";
		};
		FB8EAAED1B6DE6BB008E786B /* 第一个c语言程序.c */ = {
			isa = PBXGroup;
			children = (
				FB8EAAEE1B6DE6BB008E786B /* main.m */,
			);
			path = "第一个c语言程序.c";
			sourceTree = "<group>";
		};
/* End PBXGroup section */

/* Begin PBXNativeTarget section */
		FB8EAAEA1B6DE6BB008E786B /* 第一个c语言程序.c */ = {
			isa = PBXNativeTarget;
			buildConfigurationList = FB8EAAF21B6DE6BB008E786B /* Build configuration list for PBXNativeTarget "第一个c语言程序.c" */;
			buildPhases = (
				FB8EAAE71B6DE6BB008E786B /* Sources */,
				FB8EAAE81B6DE6BB008E786B /* Frameworks */,
				FB8EAAE91B6DE6BB008E786B /* CopyFiles */,
			);
			buildRules = (
			);
			dependencies = (
			);
			name = "第一个c语言程序.c";
			productName = "第一个c语言程序.c";
			productReference = FB8EAAEB1B6DE6BB008E786B /* 第一个c语言程序.c */;
			productType = "com.apple.product-type.tool";
		};
/* End PBXNativeTarget section */

/* Begin PBXProject section */
		FB8EAAE31B6DE6BB008E786B /* Project object */ = {
			isa = PBXProject;
			attributes = {
				LastUpgradeCheck = 0610;
				ORGANIZATIONNAME = "ios－25";
				TargetAttributes = {
					FB8EAAEA1B6DE6BB008E786B = {
						CreatedOnToolsVersion = 6.1;
					};
				};
			};
			buildConfigurationList = FB8EAAE61B6DE6BB008E786B /* Build configuration list for PBXProject "第一个c语言程序.c" */;
			compatibilityVersion = "Xcode 3.2";
			developmentRegion = English;
			hasScannedForEncodings = 0;
			knownRegions = (
				en,
			);
			mainGroup = FB8EAAE21B6DE6BB008E786B;
			productRefGroup = FB8EAAEC1B6DE6BB008E786B /* Products */;
			projectDirPath = "";
			projectRoot = "";
			targets = (
				FB8EAAEA1B6DE6BB008E786B /* 第一个c语言程序.c */,
			);
		};
/* End PBXProject section */

/* Begin PBXSourcesBuildPhase section */
		FB8EAAE71B6DE6BB008E786B /* Sources */ = {
			isa = PBXSourcesBuildPhase;
			buildActionMask = 2147483647;
			files = (
				FB8EAAEF1B6DE6BB008E786B /* main.m in Sources */,
			);
			runOnlyForDeploymentPostprocessing = 0;
		};
/* End PBXSourcesBuildPhase section */

/* Begin XCBuildConfiguration section */
		FB8EAAF01B6DE6BB008E786B /* Debug */ = {
			isa = XCBuildConfiguration;
			buildSettings = {
				ALWAYS_SEARCH_USER_PATHS = NO;
				CLANG_CXX_LANGUAGE_STANDARD = "gnu++0x";
				CLANG_CXX_LIBRARY = "libc++";
				CLANG_ENABLE_MODULES = YES;
				CLANG_ENABLE_OBJC_ARC = YES;
				CLANG_WARN_BOOL_CONVERSION = YES;
				CLANG_WARN_CONSTANT_CONVERSION = YES;
				CLANG_WARN_DIRECT_OBJC_ISA_USAGE = YES_ERROR;
				CLANG_WARN_EMPTY_BODY = YES;
				CLANG_WARN_ENUM_CONVERSION = YES;
				CLANG_WARN_INT_CONVERSION = YES;
				CLANG_WARN_OBJC_ROOT_CLASS = YES_ERROR;
				CLANG_WARN_UNREACHABLE_CODE = YES;
				CLANG_WARN__DUPLICATE_METHOD_MATCH = YES;
				COPY_PHASE_STRIP = NO;
				ENABLE_STRICT_OBJC_MSGSEND = YES;
				GCC_C_LANGUAGE_STANDARD = gnu99;
				GCC_DYNAMIC_NO_PIC = NO;
				GCC_OPTIMIZATION_LEVEL = 0;
				GCC_PREPROCESSOR_DEFINITIONS = (
					"DEBUG=1",
					"$(inherited)",
				);
				GCC_SYMBOLS_PRIVATE_EXTERN = NO;
				GCC_WARN_64_TO_32_BIT_CONVERSION = YES;
				GCC_WARN_ABOUT_RETURN_TYPE = YES_ERROR;
				GCC_WARN_UNDECLARED_SELECTOR = YES;
				GCC_WARN_UNINITIALIZED_AUTOS = YES_AGGRESSIVE;
				GCC_WARN_UNUSED_FUNCTION = YES;
				GCC_WARN_UNUSED_VARIABLE = YES;
				MACOSX_DEPLOYMENT_TARGET = 10.10;
				MTL_ENABLE_DEBUG_INFO = YES;
				ONLY_ACTIVE_ARCH = YES;
				SDKROOT = macosx;
			};
			name = Debug;
		};
		FB8EAAF11B6DE6BB008E786B /* Release */ = {
			isa = XCBuildConfiguration;
			buildSettings = {
				ALWAYS_SEARCH_USER_PATHS = NO;
				CLANG_CXX_LANGUAGE_STANDARD = "gnu++0x";
				CLANG_CXX_LIBRARY = "libc++";
				CLANG_ENABLE_MODULES = YES;
				CLANG_ENABLE_OBJC_ARC = YES;
				CLANG_WARN_BOOL_CONVERSION = YES;
				CLANG_WARN_CONSTANT_CONVERSION = YES;
				CLANG_WARN_DIRECT_OBJC_ISA_USAGE = YES_ERROR;
				CLANG_WARN_EMPTY_BODY = YES;
				CLANG_WARN_ENUM_CONVERSION = YES;
				CLANG_WARN_INT_CONVERSION = YES;
				CLANG_WARN_OBJC_ROOT_CLASS = YES_ERROR;
				CLANG_WARN_UNREACHABLE_CODE = YES;
				CLANG_WARN__DUPLICATE_METHOD_MATCH = YES;
				COPY_PHASE_STRIP = YES;
				DEBUG_INFORMATION_FORMAT = "dwarf-with-dsym";
				ENABLE_NS_ASSERTIONS = NO;
				ENABLE_STRICT_OBJC_MSGSEND = YES;
				GCC_C_LANGUAGE_STANDARD = gnu99;
				GCC_WARN_64_TO_32_BIT_CONVERSION = YES;
				GCC_WARN_ABOUT_RETURN_TYPE = YES_ERROR;
				GCC_WARN_UNDECLARED_SELECTOR = YES;
				GCC_WARN_UNINITIALIZED_AUTOS = YES_AGGRESSIVE;
				GCC_WARN_UNUSED_FUNCTION = YES;
				GCC_WARN_UNUSED_VARIABLE = YES;
				MACOSX_DEPLOYMENT_TARGET = 10.10;
				MTL_ENABLE_DEBUG_INFO = NO;
				SDKROOT = macosx;
			};
			name = Release;
		};
		FB8EAAF31B6DE6BB008E786B /* Debug */ = {
			isa = XCBuildConfiguration;
			buildSettings = {
				PRODUCT_NAME = "$(TARGET_NAME)";
			};
			name = Debug;
		};
		FB8EAAF41B6DE6BB008E786B /* Release */ = {
			isa = XCBuildConfiguration;
			buildSettings = {
				PRODUCT_NAME = "$(TARGET_NAME)";
			};
			name = Release;
		};
/* End XCBuildConfiguration section */

/* Begin XCConfigurationList section */
		FB8EAAE61B6DE6BB008E786B /* Build configuration list for PBXProject "第一个c语言程序.c" */ = {
			isa = XCConfigurationList;
			buildConfigurations = (
				FB8EAAF01B6DE6BB008E786B /* Debug */,
				FB8EAAF11B6DE6BB008E786B /* Release */,
			);
			defaultConfigurationIsVisible = 0;
			defaultConfigurationName = Release;
		};
		FB8EAAF21B6DE6BB008E786B /* Build configuration list for PBXNativeTarget "第一个c语言程序.c" */ = {
			isa = XCConfigurationList;
			buildConfigurations = (
				FB8EAAF31B6DE6BB008E786B /* Debug */,
				FB8EAAF41B6DE6BB008E786B /* Release */,
			);
			defaultConfigurationIsVisible = 0;
		};
/* End XCConfigurationList section */
	};
	rootObject = FB8EAAE31B6DE6BB008E786B /* Project object */;
}
